{
  "name": "zowe-cli-coverage",
  "version": "1.0.0",
  "lockfileVersion": 2,
  "requires": true,
  "packages": {
    "": {
      "name": "zowe-cli-coverage",
      "license": "ISC",
      "dependencies": {
        "@actions/exec": "^1.1.0",
        "git-clone": "^0.2.0",
        "js-yaml": "^4.1.0",
        "parse-lcov": "^1.0.4",
        "strip-comments": "^2.0.1"
      }
    },
    "node_modules/@actions/exec": {
      "version": "1.1.0",
      "resolved": "https://registry.npmjs.org/@actions/exec/-/exec-1.1.0.tgz",
      "integrity": "sha512-LImpN9AY0J1R1mEYJjVJfSZWU4zYOlEcwSTgPve1rFQqK5AwrEs6uWW5Rv70gbDIQIAUwI86z6B+9mPK4w9Sbg==",
      "dependencies": {
        "@actions/io": "^1.0.1"
      }
    },
    "node_modules/@actions/io": {
      "version": "1.1.1",
      "resolved": "https://registry.npmjs.org/@actions/io/-/io-1.1.1.tgz",
      "integrity": "sha512-Qi4JoKXjmE0O67wAOH6y0n26QXhMKMFo7GD/4IXNVcrtLjUlGjGuVys6pQgwF3ArfGTQu0XpqaNr0YhED2RaRA=="
    },
    "node_modules/argparse": {
      "version": "2.0.1",
      "resolved": "https://registry.npmjs.org/argparse/-/argparse-2.0.1.tgz",
      "integrity": "sha512-8+9WqebbFzpX9OR+Wa6O29asIogeRMzcGtAINdpMHHyAg10f05aSFVBbcEqGf/PXw1EjAZ+q2/bEBg3DvurK3Q=="
    },
    "node_modules/git-clone": {
      "version": "0.2.0",
      "resolved": "https://registry.npmjs.org/git-clone/-/git-clone-0.2.0.tgz",
      "integrity": "sha512-1UAkEPIFbyjHaddljUKvPhhLRnrKaImT71T7rdvSvWLXw95nLdhdi6Qmlx0KOWoV1qqvHGLq5lMLJEZM0JXk8A=="
    },
    "node_modules/js-yaml": {
      "version": "4.1.0",
      "resolved": "https://registry.npmjs.org/js-yaml/-/js-yaml-4.1.0.tgz",
      "integrity": "sha512-wpxZs9NoxZaJESJGIZTyDEaYpl0FKSA+FB9aJiyemKhMwkxQg63h4T1KJgUGHpTqPDNRcmmYLugrRjJlBtWvRA==",
      "dependencies": {
        "argparse": "^2.0.1"
      },
      "bin": {
        "js-yaml": "bin/js-yaml.js"
      }
    },
    "node_modules/parse-lcov": {
      "version": "1.0.4",
      "resolved": "https://registry.npmjs.org/parse-lcov/-/parse-lcov-1.0.4.tgz",
      "integrity": "sha512-jE72M66VFyZJ0KYKnmaV70U/Y6FZyPoBCtJ6we5rDIVpWFR/GEkdCSLJn/R3UHJWZ3e3Qf3jAm2AUrmkaso+wA=="
    },
    "node_modules/strip-comments": {
      "version": "2.0.1",
      "resolved": "https://registry.npmjs.org/strip-comments/-/strip-comments-2.0.1.tgz",
      "integrity": "sha512-ZprKx+bBLXv067WTCALv8SSz5l2+XhpYCsVtSqlMnkAXMWDq+/ekVbl1ghqP9rUHTzv6sm/DwCOiYutU/yp1fw==",
      "engines": {
        "node": ">=10"
      }
    }
  },
  "dependencies": {
    "@actions/exec": {
      "version": "1.1.0",
      "resolved": "https://registry.npmjs.org/@actions/exec/-/exec-1.1.0.tgz",
      "integrity": "sha512-LImpN9AY0J1R1mEYJjVJfSZWU4zYOlEcwSTgPve1rFQqK5AwrEs6uWW5Rv70gbDIQIAUwI86z6B+9mPK4w9Sbg==",
      "requires": {
        "@actions/io": "^1.0.1"
      }
    },
    "@actions/io": {
      "version": "1.1.1",
      "resolved": "https://registry.npmjs.org/@actions/io/-/io-1.1.1.tgz",
      "integrity": "sha512-Qi4JoKXjmE0O67wAOH6y0n26QXhMKMFo7GD/4IXNVcrtLjUlGjGuVys6pQgwF3ArfGTQu0XpqaNr0YhED2RaRA=="
    },
    "argparse": {
      "version": "2.0.1",
      "resolved": "https://registry.npmjs.org/argparse/-/argparse-2.0.1.tgz",
      "integrity": "sha512-8+9WqebbFzpX9OR+Wa6O29asIogeRMzcGtAINdpMHHyAg10f05aSFVBbcEqGf/PXw1EjAZ+q2/bEBg3DvurK3Q=="
    },
    "git-clone": {
      "version": "0.2.0",
      "resolved": "https://registry.npmjs.org/git-clone/-/git-clone-0.2.0.tgz",
      "integrity": "sha512-1UAkEPIFbyjHaddljUKvPhhLRnrKaImT71T7rdvSvWLXw95nLdhdi6Qmlx0KOWoV1qqvHGLq5lMLJEZM0JXk8A=="
    },
    "js-yaml": {
      "version": "4.1.0",
      "resolved": "https://registry.npmjs.org/js-yaml/-/js-yaml-4.1.0.tgz",
      "integrity": "sha512-wpxZs9NoxZaJESJGIZTyDEaYpl0FKSA+FB9aJiyemKhMwkxQg63h4T1KJgUGHpTqPDNRcmmYLugrRjJlBtWvRA==",
      "requires": {
        "argparse": "^2.0.1"
      }
    },
    "parse-lcov": {
      "version": "1.0.4",
      "resolved": "https://registry.npmjs.org/parse-lcov/-/parse-lcov-1.0.4.tgz",
      "integrity": "sha512-jE72M66VFyZJ0KYKnmaV70U/Y6FZyPoBCtJ6we5rDIVpWFR/GEkdCSLJn/R3UHJWZ3e3Qf3jAm2AUrmkaso+wA=="
    },
    "strip-comments": {
      "version": "2.0.1",
      "resolved": "https://registry.npmjs.org/strip-comments/-/strip-comments-2.0.1.tgz",
      "integrity": "sha512-ZprKx+bBLXv067WTCALv8SSz5l2+XhpYCsVtSqlMnkAXMWDq+/ekVbl1ghqP9rUHTzv6sm/DwCOiYutU/yp1fw=="
    }
  }
}
